
Microsoft Visual Studio Solution File, Format Version 12.00
# Visual Studio Version 17
VisualStudioVersion = 17.13.35931.197
MinimumVisualStudioVersion = 10.0.40219.1
Project("{FAE04EC0-301F-11D3-BF4B-00C04F79EFBC}") = "PokemonGenerator", "PokemonGenerator\PokemonGenerator.csproj", "{E05A9839-5115-473C-BB37-83D74427F419}"
EndProject
Project("{FAE04EC0-301F-11D3-BF4B-00C04F79EFBC}") = "PokeApiNet", "..\PokeApiWrapper\PokeApiNet\PokeApiNet.csproj", "{7AC886D1-20EE-4643-AAEF-50DE836D6DEA}"
EndProject
Global
	GlobalSection(SolutionConfigurationPlatforms) = preSolution
		Debug|Any CPU = Debug|Any CPU
		Release|Any CPU = Release|Any CPU
	EndGlobalSection
	GlobalSection(ProjectConfigurationPlatforms) = postSolution
		{E05A9839-5115-473C-BB37-83D74427F419}.Debug|Any CPU.ActiveCfg = Debug|Any CPU
		{E05A9839-5115-473C-BB37-83D74427F419}.Debug|Any CPU.Build.0 = Debug|Any CPU
		{E05A9839-5115-473C-BB37-83D74427F419}.Release|Any CPU.ActiveCfg = Release|Any CPU
		{E05A9839-5115-473C-BB37-83D74427F419}.Release|Any CPU.Build.0 = Release|Any CPU
		{7AC886D1-20EE-4643-AAEF-50DE836D6DEA}.Debug|Any CPU.ActiveCfg = Debug|Any CPU
		{7AC886D1-20EE-4643-AAEF-50DE836D6DEA}.Debug|Any CPU.Build.0 = Debug|Any CPU
		{7AC886D1-20EE-4643-AAEF-50DE836D6DEA}.Release|Any CPU.ActiveCfg = Release|Any CPU
		{7AC886D1-20EE-4643-AAEF-50DE836D6DEA}.Release|Any CPU.Build.0 = Release|Any CPU
	EndGlobalSection
	GlobalSection(SolutionProperties) = preSolution
		HideSolutionNode = FALSE
	EndGlobalSection
	GlobalSection(ExtensibilityGlobals) = postSolution
		SolutionGuid = {C877C670-DF84-4FE6-8253-CD12E735CCA1}
	EndGlobalSection
EndGlobal
